# THIS IS AN AUTOGENERATED FILE. DO NOT EDIT THIS FILE DIRECTLY.
# yarn lockfile v1


"@actions/cache@^4.0.3":
  version "4.0.3"
  resolved "https://registry.npmjs.org/@actions/cache/-/cache-4.0.3.tgz"
  integrity sha512-SvrqFtYJ7I48A/uXNkoJrnukx5weQv1fGquhs3+4nkByZThBH109KTIqj5x/cGV7JGNvb8dLPVywUOqX1fjiXg==
  dependencies:
    "@actions/core" "^1.11.1"
    "@actions/exec" "^1.0.1"
    "@actions/glob" "^0.1.0"
    "@actions/http-client" "^2.1.1"
    "@actions/io" "^1.0.1"
    "@azure/abort-controller" "^1.1.0"
    "@azure/ms-rest-js" "^2.6.0"
    "@azure/storage-blob" "^12.13.0"
    "@protobuf-ts/plugin" "^2.9.4"
    semver "^6.3.1"

"@actions/core@^1.11.1", "@actions/core@^1.2.6":
  version "1.11.1"
  resolved "https://registry.npmjs.org/@actions/core/-/core-1.11.1.tgz"
  integrity sha512-hXJCSrkwfA46Vd9Z3q4cpEpHB1rL5NG04+/rbqW9d3+CSvtB1tYe8UTpAlixa1vj0m/ULglfEK2UKxMGxCxv5A==
  dependencies:
    "@actions/exec" "^1.1.1"
    "@actions/http-client" "^2.0.1"

"@actions/exec@^1.0.1", "@actions/exec@^1.0.4", "@actions/exec@^1.1.1", "@actions/exec@~1":
  version "1.1.1"
  resolved "https://registry.npmjs.org/@actions/exec/-/exec-1.1.1.tgz"
  integrity sha512-+sCcHHbVdk93a0XT19ECtO/gIXoxvdsgQLzb2fE2/5sIZmWQuluYyjPQtrtTHdU1YzTZ7bAPN4sITq2xi1679w==
  dependencies:
    "@actions/io" "^1.0.1"

"@actions/glob@^0.1.0":
  version "0.1.2"
  resolved "https://registry.npmjs.org/@actions/glob/-/glob-0.1.2.tgz"
  integrity sha512-SclLR7Ia5sEqjkJTPs7Sd86maMDw43p769YxBOxvPvEWuPEhpAnBsQfENOpXjFYMmhCqd127bmf+YdvJqVqR4A==
  dependencies:
    "@actions/core" "^1.2.6"
    minimatch "^3.0.4"

"@actions/http-client@^2.0.1", "@actions/http-client@^2.1.1":
  version "2.2.3"
  resolved "https://registry.npmjs.org/@actions/http-client/-/http-client-2.2.3.tgz"
  integrity sha512-mx8hyJi/hjFvbPokCg4uRd4ZX78t+YyRPtnKWwIl+RzNaVuFpQHfmlGVfsKEJN8LwTCvL+DfVgAM04XaHkm6bA==
  dependencies:
    tunnel "^0.0.6"
    undici "^5.25.4"

"@actions/io@^1.0.1":
  version "1.1.2"
  resolved "https://registry.npmjs.org/@actions/io/-/io-1.1.2.tgz"
  integrity sha512-d+RwPlMp+2qmBfeLYPLXuSRykDIFEwdTA0MMxzS9kh4kvP1ftrc/9fzy6pX6qAjthdXruHQ6/6kjT/DNo5ALuw==

"@azure/abort-controller@^1.0.0", "@azure/abort-controller@^1.1.0":
  version "1.1.0"
  resolved "https://registry.npmjs.org/@azure/abort-controller/-/abort-controller-1.1.0.tgz"
  integrity sha512-TrRLIoSQVzfAJX9H1JeFjzAoDGcoK1IYX1UImfceTZpsyYfWr09Ss1aHW1y5TrrR3iq6RZLBwJ3E24uwPhwahw==
  dependencies:
    tslib "^2.2.0"

"@azure/abort-controller@^2.0.0":
  version "2.1.2"
  resolved "https://registry.npmjs.org/@azure/abort-controller/-/abort-controller-2.1.2.tgz"
  integrity sha512-nBrLsEWm4J2u5LpAPjxADTlq3trDgVZZXHNKabeXZtpq3d3AbN/KGO82R87rdDz5/lYB024rtEf10/q0urNgsA==
  dependencies:
    tslib "^2.6.2"

"@azure/abort-controller@^2.1.2":
  version "2.1.2"
  resolved "https://registry.npmjs.org/@azure/abort-controller/-/abort-controller-2.1.2.tgz"
  integrity sha512-nBrLsEWm4J2u5LpAPjxADTlq3trDgVZZXHNKabeXZtpq3d3AbN/KGO82R87rdDz5/lYB024rtEf10/q0urNgsA==
  dependencies:
    tslib "^2.6.2"

"@azure/core-auth@^1.1.4", "@azure/core-auth@^1.4.0", "@azure/core-auth@^1.8.0":
  version "1.9.0"
  resolved "https://registry.npmjs.org/@azure/core-auth/-/core-auth-1.9.0.tgz"
  integrity sha512-FPwHpZywuyasDSLMqJ6fhbOK3TqUdviZNF8OqRGA4W5Ewib2lEEZ+pBsYcBa88B2NGO/SEnYPGhyBqNlE8ilSw==
  dependencies:
    "@azure/abort-controller" "^2.0.0"
    "@azure/core-util" "^1.11.0"
    tslib "^2.6.2"

"@azure/core-client@^1.3.0", "@azure/core-client@^1.6.2":
  version "1.9.4"
  resolved "https://registry.npmjs.org/@azure/core-client/-/core-client-1.9.4.tgz"
  integrity sha512-f7IxTD15Qdux30s2qFARH+JxgwxWLG2Rlr4oSkPGuLWm+1p5y1+C04XGLA0vmX6EtqfutmjvpNmAfgwVIS5hpw==
  dependencies:
    "@azure/abort-controller" "^2.0.0"
    "@azure/core-auth" "^1.4.0"
    "@azure/core-rest-pipeline" "^1.20.0"
    "@azure/core-tracing" "^1.0.0"
    "@azure/core-util" "^1.6.1"
    "@azure/logger" "^1.0.0"
    tslib "^2.6.2"

"@azure/core-http-compat@^2.0.0":
  version "2.3.0"
  resolved "https://registry.npmjs.org/@azure/core-http-compat/-/core-http-compat-2.3.0.tgz"
  integrity sha512-qLQujmUypBBG0gxHd0j6/Jdmul6ttl24c8WGiLXIk7IHXdBlfoBqW27hyz3Xn6xbfdyVSarl1Ttbk0AwnZBYCw==
  dependencies:
    "@azure/abort-controller" "^2.0.0"
    "@azure/core-client" "^1.3.0"
    "@azure/core-rest-pipeline" "^1.20.0"

"@azure/core-lro@^2.2.0":
  version "2.4.0"
  resolved "https://registry.npmjs.org/@azure/core-lro/-/core-lro-2.4.0.tgz"
  integrity sha512-F65+rYkll1dpw3RGm8/SSiSj+/QkMeYDanzS/QKlM1dmuneVyXbO46C88V1MRHluLGdMP6qfD3vDRYALn0z0tQ==
  dependencies:
    "@azure/abort-controller" "^1.0.0"
    "@azure/logger" "^1.0.0"
    tslib "^2.2.0"

"@azure/core-paging@^1.1.1":
  version "1.4.0"
  resolved "https://registry.npmjs.org/@azure/core-paging/-/core-paging-1.4.0.tgz"
  integrity sha512-tabFtZTg8D9XqZKEfNUOGh63SuYeOxmvH4GDcOJN+R1bZWZ1FZskctgY9Pmuwzhn+0Xvq9rmimK9hsvtLkeBsw==
  dependencies:
    tslib "^2.2.0"

"@azure/core-rest-pipeline@^1.10.1", "@azure/core-rest-pipeline@^1.20.0":
  version "1.20.0"
  resolved "https://registry.npmjs.org/@azure/core-rest-pipeline/-/core-rest-pipeline-1.20.0.tgz"
  integrity sha512-ASoP8uqZBS3H/8N8at/XwFr6vYrRP3syTK0EUjDXQy0Y1/AUS+QeIRThKmTNJO2RggvBBxaXDPM7YoIwDGeA0g==
  dependencies:
    "@azure/abort-controller" "^2.0.0"
    "@azure/core-auth" "^1.8.0"
    "@azure/core-tracing" "^1.0.1"
    "@azure/core-util" "^1.11.0"
    "@azure/logger" "^1.0.0"
    "@typespec/ts-http-runtime" "^0.2.2"
    tslib "^2.6.2"

"@azure/core-tracing@^1.0.0", "@azure/core-tracing@^1.0.1", "@azure/core-tracing@^1.1.2":
  version "1.2.0"
  resolved "https://registry.npmjs.org/@azure/core-tracing/-/core-tracing-1.2.0.tgz"
  integrity sha512-UKTiEJPkWcESPYJz3X5uKRYyOcJD+4nYph+KpfdPRnQJVrZfk0KJgdnaAWKfhsBBtAf/D58Az4AvCJEmWgIBAg==
  dependencies:
    tslib "^2.6.2"

"@azure/core-util@^1.11.0", "@azure/core-util@^1.6.1":
  version "1.12.0"
  resolved "https://registry.npmjs.org/@azure/core-util/-/core-util-1.12.0.tgz"
  integrity sha512-13IyjTQgABPARvG90+N2dXpC+hwp466XCdQXPCRlbWHgd3SJd5Q1VvaBGv6k1BIa4MQm6hAF1UBU1m8QUxV8sQ==
  dependencies:
    "@azure/abort-controller" "^2.0.0"
    "@typespec/ts-http-runtime" "^0.2.2"
    tslib "^2.6.2"

"@azure/core-xml@^1.4.3":
  version "1.4.5"
  resolved "https://registry.npmjs.org/@azure/core-xml/-/core-xml-1.4.5.tgz"
  integrity sha512-gT4H8mTaSXRz7eGTuQyq1aIJnJqeXzpOe9Ay7Z3FrCouer14CbV3VzjnJrNrQfbBpGBLO9oy8BmrY75A0p53cA==
  dependencies:
    fast-xml-parser "^5.0.7"
    tslib "^2.8.1"

"@azure/logger@^1.0.0":
  version "1.0.3"
  resolved "https://registry.npmjs.org/@azure/logger/-/logger-1.0.3.tgz"
  integrity sha512-aK4s3Xxjrx3daZr3VylxejK3vG5ExXck5WOHDJ8in/k9AqlfIyFMMT1uG7u8mNjX+QRILTIn0/Xgschfh/dQ9g==
  dependencies:
    tslib "^2.2.0"

"@azure/ms-rest-js@^2.6.0":
  version "2.6.4"
  resolved "https://registry.npmjs.org/@azure/ms-rest-js/-/ms-rest-js-2.6.4.tgz"
  integrity sha512-2sbOpGhlBfv9itWdF7Qlk0CmoQCARxe5unwjNOprU7OdgEgabQncZ35L5u1A+zgdkVtNYF9Eo6XAhXzTweIhag==
  dependencies:
    "@azure/core-auth" "^1.1.4"
    abort-controller "^3.0.0"
    form-data "^2.5.0"
    node-fetch "^2.6.7"
    tough-cookie "^3.0.1"
    tslib "^1.10.0"
    tunnel "0.0.6"
    uuid "^8.3.2"
    xml2js "^0.4.19"

"@azure/storage-blob@^12.13.0":
  version "12.27.0"
  resolved "https://registry.npmjs.org/@azure/storage-blob/-/storage-blob-12.27.0.tgz"
  integrity sha512-IQjj9RIzAKatmNca3D6bT0qJ+Pkox1WZGOg2esJF2YLHb45pQKOwGPIAV+w3rfgkj7zV3RMxpn/c6iftzSOZJQ==
  dependencies:
    "@azure/abort-controller" "^2.1.2"
    "@azure/core-auth" "^1.4.0"
    "@azure/core-client" "^1.6.2"
    "@azure/core-http-compat" "^2.0.0"
    "@azure/core-lro" "^2.2.0"
    "@azure/core-paging" "^1.1.1"
    "@azure/core-rest-pipeline" "^1.10.1"
    "@azure/core-tracing" "^1.1.2"
    "@azure/core-util" "^1.6.1"
    "@azure/core-xml" "^1.4.3"
    "@azure/logger" "^1.0.0"
    events "^3.0.0"
    tslib "^2.2.0"

"@cspotcode/source-map-support@^0.8.0":
  version "0.8.1"
  resolved "https://registry.npmjs.org/@cspotcode/source-map-support/-/source-map-support-0.8.1.tgz"
  integrity sha512-IchNf6dN4tHoMFIn/7OE8LWZ19Y6q/67Bmf6vnGREv8RSbBVb9LPJxEcnwrcwX6ixSvaiGoomAUvu4YSxXrVgw==
  dependencies:
    "@jridgewell/trace-mapping" "0.3.9"

"@fastify/busboy@^2.0.0":
  version "2.1.1"
  resolved "https://registry.npmjs.org/@fastify/busboy/-/busboy-2.1.1.tgz"
  integrity sha512-vBZP4NlzfOlerQTnba4aqZoMhE/a9HY7HRqoOPaETQcSQuWEIyZMHGfVu6w9wGtGK5fED5qRs2DteVCjOH60sA==

"@jridgewell/resolve-uri@^3.0.3":
  version "3.1.0"
  resolved "https://registry.npmjs.org/@jridgewell/resolve-uri/-/resolve-uri-3.1.0.tgz"
  integrity sha512-F2msla3tad+Mfht5cJq7LSXcdudKTWCVYUgw6pLFOOHSTtZlj6SWNYAp+AhuqLmWdBO2X5hPrLcu8cVP8fy28w==

"@jridgewell/sourcemap-codec@^1.4.10":
  version "1.4.14"
  resolved "https://registry.npmjs.org/@jridgewell/sourcemap-codec/-/sourcemap-codec-1.4.14.tgz"
  integrity sha512-XPSJHWmi394fuUuzDnGz1wiKqWfo1yXecHQMRf2l6hztTO+nPru658AyDngaBe7isIxEkRsPR3FZh+s7iVa4Uw==

"@jridgewell/trace-mapping@0.3.9":
  version "0.3.9"
  resolved "https://registry.npmjs.org/@jridgewell/trace-mapping/-/trace-mapping-0.3.9.tgz"
  integrity sha512-3Belt6tdc8bPgAtbcmdtNJlirVoTmEb5e2gC94PnkwEW9jI6CAHUeoG85tjWP5WquqfavoMtMwiG4P926ZKKuQ==
  dependencies:
    "@jridgewell/resolve-uri" "^3.0.3"
    "@jridgewell/sourcemap-codec" "^1.4.10"

"@protobuf-ts/plugin-framework@^2.10.0":
  version "2.10.0"
  resolved "https://registry.npmjs.org/@protobuf-ts/plugin-framework/-/plugin-framework-2.10.0.tgz"
  integrity sha512-EuW9irbt+w7Ml1CaAxK6xyl7pSuWVbNy0rsChxJEthMrAVTN5EPdJ3whNWvsRBa+HwRImEl8KHNnRoq/vGOHbg==
  dependencies:
    "@protobuf-ts/runtime" "^2.10.0"
    typescript "^3.9"

"@protobuf-ts/plugin@^2.9.4":
  version "2.10.0"
  resolved "https://registry.npmjs.org/@protobuf-ts/plugin/-/plugin-2.10.0.tgz"
  integrity sha512-iMX4C4TVfMNRLn2msK0cVg5jmizjtu5FYiy8EK5Lg6EgyR9TVHeK2rzmufWKYM2Pcg1jSwC0cFcXHQnCoeFxUg==
  dependencies:
    "@protobuf-ts/plugin-framework" "^2.10.0"
    "@protobuf-ts/protoc" "^2.10.0"
    "@protobuf-ts/runtime" "^2.10.0"
    "@protobuf-ts/runtime-rpc" "^2.10.0"
    typescript "^3.9"

"@protobuf-ts/protoc@^2.10.0":
  version "2.10.0"
  resolved "https://registry.npmjs.org/@protobuf-ts/protoc/-/protoc-2.10.0.tgz"
  integrity sha512-S4BtGBh22+uL5E6qLVxV0QNY6tiLVB8QL7RIkvo+KYknipZfSNwubdKy5CPkrwVXzJn4s3cx7bKx1w6BxkBIPg==

"@protobuf-ts/runtime-rpc@^2.10.0":
  version "2.10.0"
  resolved "https://registry.npmjs.org/@protobuf-ts/runtime-rpc/-/runtime-rpc-2.10.0.tgz"
  integrity sha512-8CS/XPv3+pMK4v8UKhtCdvbS4h9l7aqlteKdRt0/UbIKZ8n0qHj6hX8cBhz2ngvohxCOS0N08zPr9aCLBNhW3Q==
  dependencies:
    "@protobuf-ts/runtime" "^2.10.0"

"@protobuf-ts/runtime@^2.10.0":
  version "2.10.0"
  resolved "https://registry.npmjs.org/@protobuf-ts/runtime/-/runtime-2.10.0.tgz"
  integrity sha512-ypYwGg9Pn3W/2lZ7/HW60hONGuSdzphvOY8Dq7LeNttymDe0y3LaTUUMRpuGqOT6FfrWEMnfQbyqU8AAreo8wA==

"@tsconfig/node10@^1.0.7":
  version "1.0.9"
  resolved "https://registry.npmjs.org/@tsconfig/node10/-/node10-1.0.9.tgz"
  integrity sha512-jNsYVVxU8v5g43Erja32laIDHXeoNvFEpX33OK4d6hljo3jDhCBDhx5dhCCTMWUojscpAagGiRkBKxpdl9fxqA==

"@tsconfig/node12@^1.0.7":
  version "1.0.11"
  resolved "https://registry.npmjs.org/@tsconfig/node12/-/node12-1.0.11.tgz"
  integrity sha512-cqefuRsh12pWyGsIoBKJA9luFu3mRxCA+ORZvA4ktLSzIuCUtWVxGIuXigEwO5/ywWFMZ2QEGKWvkZG1zDMTag==

"@tsconfig/node14@^1.0.0":
  version "1.0.3"
  resolved "https://registry.npmjs.org/@tsconfig/node14/-/node14-1.0.3.tgz"
  integrity sha512-ysT8mhdixWK6Hw3i1V2AeRqZ5WfXg1G43mqoYlM2nc6388Fq5jcXyr5mRsqViLx/GJYdoL0bfXD8nmF+Zn/Iow==

"@tsconfig/node16@^1.0.2":
  version "1.0.3"
  resolved "https://registry.npmjs.org/@tsconfig/node16/-/node16-1.0.3.tgz"
  integrity sha512-yOlFc+7UtL/89t2ZhjPvvB/DeAr3r+Dq58IgzsFkOAvVC6NMJXmCGjbptdXdR9qsX7pKcTL+s87FtYREi2dEEQ==

"@types/node@*", "@types/node@18.11.18":
  version "18.11.18"
  resolved "https://registry.npmjs.org/@types/node/-/node-18.11.18.tgz"
  integrity sha512-DHQpWGjyQKSHj3ebjFI/wRKcqQcdR+MoFBygntYOZytCqNfkd2ZC4ARDJ2DQqhjH5p85Nnd3jhUJIXrszFX/JA==

"@types/recursive-readdir@^2.2.0":
  version "2.2.1"
  resolved "https://registry.npmjs.org/@types/recursive-readdir/-/recursive-readdir-2.2.1.tgz"
  integrity sha512-Xd+Ptc4/F2ueInqy5yK2FI5FxtwwbX2+VZpcg+9oYsFJVen8qQKGapCr+Bi5wQtHU1cTXT8s+07lo/nKPgu8Gg==
  dependencies:
    "@types/node" "*"

"@types/string-format@^2.0.0":
  version "2.0.0"
  resolved "https://registry.npmjs.org/@types/string-format/-/string-format-2.0.0.tgz"
  integrity sha512-mMwtmgN0ureESnJ3SuMM4W9lsi4CgOxs43YxNo14SDHgzJ+OPYO3yM7nOTJTh8x5YICseBdtrySUbvxnpb+NYQ==

"@typespec/ts-http-runtime@^0.2.2":
  version "0.2.2"
  resolved "https://registry.npmjs.org/@typespec/ts-http-runtime/-/ts-http-runtime-0.2.2.tgz"
  integrity sha512-Gz/Sm64+Sq/vklJu1tt9t+4R2lvnud8NbTD/ZfpZtMiUX7YeVpCA8j6NSW8ptwcoLL+NmYANwqP8DV0q/bwl2w==
  dependencies:
    http-proxy-agent "^7.0.0"
    https-proxy-agent "^7.0.0"
    tslib "^2.6.2"

"@vercel/ncc@^0.36.0":
  version "0.36.0"
  resolved "https://registry.npmjs.org/@vercel/ncc/-/ncc-0.36.0.tgz"
  integrity sha512-/ZTUJ/ZkRt694k7KJNimgmHjtQcRuVwsST2Z6XfYveQIuBbHR+EqkTc1jfgPkQmMyk/vtpxo3nVxe8CNuau86A==

abort-controller@^3.0.0:
  version "3.0.0"
  resolved "https://registry.npmjs.org/abort-controller/-/abort-controller-3.0.0.tgz"
  integrity sha512-h8lQ8tacZYnR3vNQTgibj+tODHI5/+l06Au2Pcriv/Gmet0eaj4TwWH41sO9wnHDiQsEj19q0drzdWdeAHtweg==
  dependencies:
    event-target-shim "^5.0.0"

acorn-walk@^8.1.1:
  version "8.2.0"
  resolved "https://registry.npmjs.org/acorn-walk/-/acorn-walk-8.2.0.tgz"
  integrity sha512-k+iyHEuPgSw6SbuDpGQM+06HQUa04DZ3o+F6CSzXMvvI5KMvnaEqXe+YVe555R9nn6GPt404fos4wcgpw12SDA==

acorn@^8.4.1:
  version "8.8.1"
  resolved "https://registry.npmjs.org/acorn/-/acorn-8.8.1.tgz"
  integrity sha512-7zFpHzhnqYKrkYdUjF1HI1bzd0VygEGX8lFk4k5zVMqHEoES+P+7TKI+EvLO9WVMJ8eekdO0aDEK044xTXwPPA==

actions-exec-listener@0.1.0:
  version "0.1.0"
  resolved "https://registry.npmjs.org/actions-exec-listener/-/actions-exec-listener-0.1.0.tgz"
  integrity sha512-cwhiQynvYpWAvv/pa/9f9jInHkPsfyW2yqTTELgFHnG5C9U6ltj8x3xAG4hnVBsNr3r6UK4PNYI9DQLGcW2aXw==

agent-base@^7.1.0, agent-base@^7.1.2:
  version "7.1.3"
  resolved "https://registry.npmjs.org/agent-base/-/agent-base-7.1.3.tgz"
  integrity sha512-jRR5wdylq8CkOe6hei19GGZnxM6rBGwFl3Bg0YItGDimvjGtAvdZk4Pu6Cl4u4Igsws4a1fd1Vq3ezrhn4KmFw==

arg@^4.1.0:
  version "4.1.3"
  resolved "https://registry.npmjs.org/arg/-/arg-4.1.3.tgz"
  integrity sha512-58S9QDqG0Xx27YwPSt9fJxivjYl432YCwfDMfZ+71RAqUrZef7LrKQZ3LHLOwCS4FLNBplP533Zx895SeOCHvA==

asynckit@^0.4.0:
  version "0.4.0"
  resolved "https://registry.npmjs.org/asynckit/-/asynckit-0.4.0.tgz"
  integrity sha512-Oei9OH4tRh0YqU3GxhX79dM/mwVgvbZJaSNaRk+bshkj0S5cfHcgYakreBjrHwatXKbz+IoIdYLxrKim2MjW0Q==

balanced-match@^1.0.0:
  version "1.0.2"
  resolved "https://registry.npmjs.org/balanced-match/-/balanced-match-1.0.2.tgz"
  integrity sha512-3oSeUO0TMV67hN1AmbXsK4yaqU7tjiHlbxRDZOpH0KW9+CeX4bRAaX0Anxt0tx2MrpRpWwQaPwIlISEJhYU5Pw==

brace-expansion@^1.1.7:
  version "1.1.11"
  resolved "https://registry.npmjs.org/brace-expansion/-/brace-expansion-1.1.11.tgz"
  integrity sha512-iCuPHDFgrHX7H2vEI/5xpz07zSHB00TpugqhmYtVmMO6518mCuRMoOYFldEBl0g187ufozdaHgWKcYFb61qGiA==
  dependencies:
    balanced-match "^1.0.0"
    concat-map "0.0.1"

combined-stream@^1.0.6:
  version "1.0.8"
  resolved "https://registry.npmjs.org/combined-stream/-/combined-stream-1.0.8.tgz"
  integrity sha512-FQN4MRfuJeHf7cBbBMJFXhKSDq+2kAArBlmRBvcvFE5BB1HZKXtSFASDhdlz9zOYwxh8lDdnvmMOe/+5cdoEdg==
  dependencies:
    delayed-stream "~1.0.0"

concat-map@0.0.1:
  version "0.0.1"
  resolved "https://registry.npmjs.org/concat-map/-/concat-map-0.0.1.tgz"
  integrity sha512-/Srv4dswyQNBfohGpz9o6Yb3Gz3SrUDqBH5rTuhGR7ahtlbYKnVxw2bCFMRljaA7EXHaXZ8wsHdodFvbkhKmqg==

create-require@^1.1.0:
  version "1.1.1"
  resolved "https://registry.npmjs.org/create-require/-/create-require-1.1.1.tgz"
  integrity sha512-dcKFX3jn0MpIaXjisoRvexIJVEKzaq7z2rZKxf+MSr9TkdmHmsU4m2lcLojrj/FHl8mk5VxMmYA+ftRkP/3oKQ==

crypto@^1.0.1:
  version "1.0.1"
  resolved "https://registry.npmjs.org/crypto/-/crypto-1.0.1.tgz"
  integrity sha512-VxBKmeNcqQdiUQUW2Tzq0t377b54N2bMtXO/qiLa+6eRRmmC4qT3D4OnTGoT/U6O9aklQ/jTwbOtRMTTY8G0Ig==

debug@^4.3.4, debug@4:
  version "4.4.1"
  resolved "https://registry.npmjs.org/debug/-/debug-4.4.1.tgz"
  integrity sha512-KcKCqiftBJcZr++7ykoDIEwSa3XWowTfNPo92BYxjXiyYEVrUQh2aLyhxBCwww+heortUFxEJYcRzosstTEBYQ==
  dependencies:
    ms "^2.1.3"

delayed-stream@~1.0.0:
  version "1.0.0"
  resolved "https://registry.npmjs.org/delayed-stream/-/delayed-stream-1.0.0.tgz"
  integrity sha512-ZySD7Nf91aLB0RxL4KGrKHBXl7Eds1DAmEdcoVawXnLD7SDhpNgtuII2aAkg7a7QS41jxPSZ17p4VdGnMHk3MQ==

diff@^4.0.1:
  version "4.0.2"
  resolved "https://registry.npmjs.org/diff/-/diff-4.0.2.tgz"
  integrity sha512-58lmxKSA4BNyLz+HHMUzlOEpg09FV+ev6ZMe3vJihgdxzgcwZ8VoEEPmALCZG9LmqfVoNMMKpttIYTVG6uDY7A==

event-target-shim@^5.0.0:
  version "5.0.1"
  resolved "https://registry.npmjs.org/event-target-shim/-/event-target-shim-5.0.1.tgz"
  integrity sha512-i/2XbnSz/uxRCU6+NdVJgKWDTM427+MqYbkQzD321DuCQJUqOuJKIA0IM2+W2xtYHdKOmZ4dR6fExsd4SXL+WQ==

events@^3.0.0:
  version "3.3.0"
  resolved "https://registry.npmjs.org/events/-/events-3.3.0.tgz"
  integrity sha512-mQw+2fkQbALzQ7V0MY0IqdnXNOeTtP4r0lN9z7AAawCXgqea7bDii20AYrIBrFd/Hx0M2Ocz6S111CaFkUcb0Q==

fast-xml-parser@^5.0.7:
  version "5.2.3"
  resolved "https://registry.npmjs.org/fast-xml-parser/-/fast-xml-parser-5.2.3.tgz"
  integrity sha512-OdCYfRqfpuLUFonTNjvd30rCBZUneHpSQkCqfaeWQ9qrKcl6XlWeDBNVwGb+INAIxRshuN2jF+BE0L6gbBO2mw==
  dependencies:
    strnum "^2.1.0"

form-data@^2.5.0:
  version "2.5.1"
  resolved "https://registry.npmjs.org/form-data/-/form-data-2.5.1.tgz"
  integrity sha512-m21N3WOmEEURgk6B9GLOE4RuWOFf28Lhh9qGYeNlGq4VDXUlJy2th2slBNU8Gp8EzloYZOibZJ7t5ecIrFSjVA==
  dependencies:
    asynckit "^0.4.0"
    combined-stream "^1.0.6"
    mime-types "^2.1.12"

function-bind@^1.1.1:
  version "1.1.1"
  resolved "https://registry.npmjs.org/function-bind/-/function-bind-1.1.1.tgz"
  integrity sha512-yIovAzMX49sF8Yl58fSCWJ5svSLuaibPxXQJFLmBObTuCr0Mf1KiPopGM9NiFjiYBCbfaa2Fh6breQ6ANVTI0A==

has@^1.0.3:
  version "1.0.3"
  resolved "https://registry.npmjs.org/has/-/has-1.0.3.tgz"
  integrity sha512-f2dvO0VU6Oej7RkWJGrehjbzMAjFp5/VKPp5tTpWIV4JHHZK1/BxbFRtf/siA2SWTe09caDmVtYYzWEIbBS4zw==
  dependencies:
    function-bind "^1.1.1"

http-proxy-agent@^7.0.0:
  version "7.0.2"
  resolved "https://registry.npmjs.org/http-proxy-agent/-/http-proxy-agent-7.0.2.tgz"
  integrity sha512-T1gkAiYYDWYx3V5Bmyu7HcfcvL7mUrTWiM6yOfa3PIphViJ/gFPbvidQ+veqSOHci/PxBcDabeUNCzpOODJZig==
  dependencies:
    agent-base "^7.1.0"
    debug "^4.3.4"

https-proxy-agent@^7.0.0:
  version "7.0.6"
  resolved "https://registry.npmjs.org/https-proxy-agent/-/https-proxy-agent-7.0.6.tgz"
  integrity sha512-vK9P5/iUfdl95AI+JVyUuIcVtd4ofvtrOr3HNtM2yxC9bnMbEdp3x01OhQNnjb8IJYi38VlTE3mBXwcfvywuSw==
  dependencies:
    agent-base "^7.1.2"
    debug "4"

ip-regex@^2.1.0:
  version "2.1.0"
  resolved "https://registry.npmjs.org/ip-regex/-/ip-regex-2.1.0.tgz"
  integrity sha512-58yWmlHpp7VYfcdTwMTvwMmqx/Elfxjd9RXTDyMsbL7lLWmhMylLEqiYVLKuLzOZqVgiWXD9MfR62Vv89VRxkw==

is-core-module@^2.9.0:
  version "2.11.0"
  resolved "https://registry.npmjs.org/is-core-module/-/is-core-module-2.11.0.tgz"
  integrity sha512-RRjxlvLDkD1YJwDbroBHMb+cukurkDWNyHx7D3oNB5x9rb5ogcksMC5wHCadcXoo67gVr/+3GFySh3134zi6rw==
  dependencies:
    has "^1.0.3"

make-error@^1.1.1:
  version "1.3.6"
  resolved "https://registry.npmjs.org/make-error/-/make-error-1.3.6.tgz"
  integrity sha512-s8UhlNe7vPKomQhC1qFelMokr/Sc3AgNbso3n74mVPA5LTZwkB9NlXf4XPamLxJE8h0gh73rM94xvwRT2CVInw==

mime-db@1.52.0:
  version "1.52.0"
  resolved "https://registry.npmjs.org/mime-db/-/mime-db-1.52.0.tgz"
  integrity sha512-sPU4uV7dYlvtWJxwwxHD0PuihVNiE7TyAbQ5SWxDCB9mUYvOgroQOwYQQOKPJ8CIbE+1ETVlOoK1UC2nU3gYvg==

mime-types@^2.1.12:
  version "2.1.35"
  resolved "https://registry.npmjs.org/mime-types/-/mime-types-2.1.35.tgz"
  integrity sha512-ZDY+bPm5zTTF+YpCrAU9nK0UgICYPT0QtT1NZWFv4s++TNkcgVaT0g6+4R2uI4MjQjzysHB1zxuWL50hzaeXiw==
  dependencies:
    mime-db "1.52.0"

minimatch@^3.0.4, minimatch@^3.0.5:
  version "3.1.2"
  resolved "https://registry.npmjs.org/minimatch/-/minimatch-3.1.2.tgz"
  integrity sha512-J7p63hRiAjw1NDEww1W7i37+ByIrOWO5XQQAzZ3VOcL0PNybwpfmV/N05zFAzwQ9USyEcX6t3UO+K5aqBQOIHw==
  dependencies:
    brace-expansion "^1.1.7"

ms@^2.1.3:
  version "2.1.3"
  resolved "https://registry.npmjs.org/ms/-/ms-2.1.3.tgz"
  integrity sha512-6FlzubTLZG3J2a/NVCAleEhjzq5oxgHyaCU9yYXvcLsvoVaHJq/s5xXI6/XXP6tz7R9xAOtHnSO/tXtF3WRTlA==

native-promise-pool@^3.16.0:
  version "3.19.0"
  resolved "https://registry.npmjs.org/native-promise-pool/-/native-promise-pool-3.19.0.tgz"
  integrity sha512-Clf1xJ/qBGZrWeuu1qJ2Ta79L0CC0pANvh5cq2RIwCu4ehcc8W5COA4fwgnaU5a+Cg/QFOBGEuM/5naa9LF+og==

nested-error-stacks@^2:
  version "2.1.1"
  resolved "https://registry.npmjs.org/nested-error-stacks/-/nested-error-stacks-2.1.1.tgz"
  integrity sha512-9iN1ka/9zmX1ZvLV9ewJYEk9h7RyRRtqdK0woXcqohu8EWIerfPUjYJPg0ULy0UqP7cslmdGc8xKDJcojlKiaw==

node-fetch@^2.6.7:
  version "2.6.7"
  resolved "https://registry.npmjs.org/node-fetch/-/node-fetch-2.6.7.tgz"
  integrity sha512-ZjMPFEfVx5j+y2yF35Kzx5sF7kDzxuDj6ziH4FFbOp87zKDZNx8yExJIb05OGF4Nlt9IHFIMBkRl41VdvcNdbQ==
  dependencies:
    whatwg-url "^5.0.0"

path-parse@^1.0.7:
  version "1.0.7"
  resolved "https://registry.npmjs.org/path-parse/-/path-parse-1.0.7.tgz"
  integrity sha512-LDJzPVEEEPR+y48z93A0Ed0yXb8pAByGWo/k5YYdYgpY2/2EsOsksJrq7lOHxryrVOn1ejG6oAp8ahvOIQD8sw==

psl@^1.1.28:
  version "1.9.0"
  resolved "https://registry.npmjs.org/psl/-/psl-1.9.0.tgz"
  integrity sha512-E/ZsdU4HLs/68gYzgGTkMicWTLPdAftJLfJFlLUAAKZGkStNU72sZjT66SnMDVOfOWY/YAoiD7Jxa9iHvngcag==

punycode@^2.1.1:
  version "2.1.1"
  resolved "https://registry.npmjs.org/punycode/-/punycode-2.1.1.tgz"
  integrity sha512-XRsRjdf+j5ml+y/6GKHPZbrF/8p2Yga0JPtdqTIY2Xe5ohJPD9saDJJLPvp9+NSBprVvevdXZybnj2cv8OEd0A==

recursive-readdir@^2.2.2:
  version "2.2.3"
  resolved "https://registry.npmjs.org/recursive-readdir/-/recursive-readdir-2.2.3.tgz"
  integrity sha512-8HrF5ZsXk5FAH9dgsx3BlUer73nIhuj+9OrQwEbLTPOBzGkL1lsFCR01am+v+0m2Cmbs1nP12hLDl5FA7EszKA==
  dependencies:
    minimatch "^3.0.5"

reflect-metadata@>=0.1.12:
  version "0.1.13"
  resolved "https://registry.npmjs.org/reflect-metadata/-/reflect-metadata-0.1.13.tgz"
  integrity sha512-Ts1Y/anZELhSsjMcU605fU9RE4Oi3p5ORujwbIKXfWa+0Zxs510Qrmrce5/Jowq3cHSZSJqBjypxmHarc+vEWg==

resolve@>=1.9.0:
  version "1.22.1"
  resolved "https://registry.npmjs.org/resolve/-/resolve-1.22.1.tgz"
  integrity sha512-nBpuuYuY5jFsli/JIs1oldw6fOQCBioohqWZg/2hiaOybXOft4lonv85uDOKXdf8rhyK159cxU5cDcK/NKk8zw==
  dependencies:
    is-core-module "^2.9.0"
    path-parse "^1.0.7"
    supports-preserve-symlinks-flag "^1.0.0"

sax@>=0.6.0:
  version "1.2.4"
  resolved "https://registry.npmjs.org/sax/-/sax-1.2.4.tgz"
  integrity sha512-NqVDv9TpANUjFm0N8uM5GxL36UgKi9/atZw+x7YFnQ8ckwFGKrl4xX4yWtrey3UJm5nP1kUbnYgLopqWNSRhWw==

semver@^6.3.1:
  version "6.3.1"
  resolved "https://registry.npmjs.org/semver/-/semver-6.3.1.tgz"
  integrity sha512-BR7VvDCVHO+q2xBEWskxS6DJE1qRnb7DxzUrogb71CWoSficBxYsiAGd+Kl0mmq/MprG9yArRkyrQxTO6XjMzA==

string-format@^2.0.0:
  version "2.0.0"
  resolved "https://registry.npmjs.org/string-format/-/string-format-2.0.0.tgz"
  integrity sha512-bbEs3scLeYNXLecRRuk6uJxdXUSj6le/8rNPHChIJTn2V79aXVTR1EH2OH5zLKKoz0V02fOUKZZcw01pLUShZA==

strnum@^2.1.0:
  version "2.1.1"
  resolved "https://registry.npmjs.org/strnum/-/strnum-2.1.1.tgz"
  integrity sha512-7ZvoFTiCnGxBtDqJ//Cu6fWtZtc7Y3x+QOirG15wztbdngGSkht27o2pyGWrVy0b4WAy3jbKmnoK6g5VlVNUUw==

supports-preserve-symlinks-flag@^1.0.0:
  version "1.0.0"
  resolved "https://registry.npmjs.org/supports-preserve-symlinks-flag/-/supports-preserve-symlinks-flag-1.0.0.tgz"
  integrity sha512-ot0WnXS9fgdkgIcePe6RHNk1WA8+muPa6cSjeR3V8K27q9BB1rTE3R1p7Hv0z1ZyAc8s6Vvv8DIyWf681MAt0w==

tough-cookie@^3.0.1:
  version "3.0.1"
  resolved "https://registry.npmjs.org/tough-cookie/-/tough-cookie-3.0.1.tgz"
  integrity sha512-yQyJ0u4pZsv9D4clxO69OEjLWYw+jbgspjTue4lTQZLfV0c5l1VmK2y1JK8E9ahdpltPOaAThPcp5nKPUgSnsg==
  dependencies:
    ip-regex "^2.1.0"
    psl "^1.1.28"
    punycode "^2.1.1"

tr46@~0.0.3:
  version "0.0.3"
  resolved "https://registry.npmjs.org/tr46/-/tr46-0.0.3.tgz"
  integrity sha512-N3WMsuqV66lT30CrXNbEjx4GEwlow3v6rr4mCcv6prnfwhS01rkgyFdjPNBYd9br7LpXV1+Emh01fHnq2Gdgrw==

ts-node@>=8.0.2, ts-node@10.9.1:
  version "10.9.1"
  resolved "https://registry.npmjs.org/ts-node/-/ts-node-10.9.1.tgz"
  integrity sha512-NtVysVPkxxrwFGUUxGYhfux8k78pQB3JqYBXlLRZgdGUqTO5wU/UyHop5p70iEbGhB7q5KmiZiU0Y3KlJrScEw==
  dependencies:
    "@cspotcode/source-map-support" "^0.8.0"
    "@tsconfig/node10" "^1.0.7"
    "@tsconfig/node12" "^1.0.7"
    "@tsconfig/node14" "^1.0.0"
    "@tsconfig/node16" "^1.0.2"
    acorn "^8.4.1"
    acorn-walk "^8.1.1"
    arg "^4.1.0"
    create-require "^1.1.0"
    diff "^4.0.1"
    make-error "^1.1.1"
    v8-compile-cache-lib "^3.0.1"
    yn "3.1.1"

tslib@^1.10.0:
  version "1.14.1"
  resolved "https://registry.npmjs.org/tslib/-/tslib-1.14.1.tgz"
  integrity sha512-Xni35NKzjgMrwevysHTCArtLDpPvye8zV/0E4EyYn43P7/7qvQwPh9BGkHewbMulVntbigmcT7rdX3BNo9wRJg==

tslib@^1.8.1:
  version "1.14.1"
  resolved "https://registry.npmjs.org/tslib/-/tslib-1.14.1.tgz"
  integrity sha512-Xni35NKzjgMrwevysHTCArtLDpPvye8zV/0E4EyYn43P7/7qvQwPh9BGkHewbMulVntbigmcT7rdX3BNo9wRJg==

tslib@^2.2.0, tslib@^2.6.2, tslib@^2.8.1:
  version "2.8.1"
  resolved "https://registry.npmjs.org/tslib/-/tslib-2.8.1.tgz"
  integrity sha512-oJFu94HQb+KVduSUQL7wnpmqnfmLsOA/nAh6b6EH0wCEoK0/mPeXU6c3wKDV83MkOuHPRHtSXKKU99IBazS/2w==

tsutils@^3.17.1:
  version "3.21.0"
  resolved "https://registry.npmjs.org/tsutils/-/tsutils-3.21.0.tgz"
  integrity sha512-mHKK3iUXL+3UF6xL5k0PEhKRUBKPBCv/+RkEOpjRWxxx27KKRBmmA60A9pgOUvMi8GKhRMPEmjBRPzs2W7O1OA==
  dependencies:
    tslib "^1.8.1"

ttypescript@^1.5.15:
  version "1.5.15"
  resolved "https://registry.npmjs.org/ttypescript/-/ttypescript-1.5.15.tgz"
  integrity sha512-48ykDNHzFnPMnv4hYX1P8Q84TvCZyL1QlFxeuxsuZ48X2+ameBgPenvmCkHJtoOSxpoWTWi8NcgNrRnVDOmfSg==
  dependencies:
    resolve ">=1.9.0"

tunnel@^0.0.6, tunnel@0.0.6:
  version "0.0.6"
  resolved "https://registry.npmjs.org/tunnel/-/tunnel-0.0.6.tgz"
  integrity sha512-1h/Lnq9yajKY2PEbBadPXj3VxsDDu844OnaAo52UVmIzIvwwtBPIuNvkjuzBlTWpfJyUbG3ez0KSBibQkj4ojg==

typescript-is@^0.19.0:
  version "0.19.0"
  resolved "https://registry.npmjs.org/typescript-is/-/typescript-is-0.19.0.tgz"
  integrity sha512-SAJEx2cxbQZhfOjDEjPnQJt1qRS1M3wrKbUwvsywVHWGbMgM1dcIf9gPWNDS1/dgTa/7Iexk2mmAHHsP9MeCsA==
  dependencies:
    nested-error-stacks "^2"
    tsutils "^3.17.1"
  optionalDependencies:
    reflect-metadata ">=0.1.12"

typescript@^3.9:
  version "3.9.10"
  resolved "https://registry.npmjs.org/typescript/-/typescript-3.9.10.tgz"
  integrity sha512-w6fIxVE/H1PkLKcCPsFqKE7Kv7QUwhU8qQY2MueZXWx5cPZdwFupLgKK3vntcK98BtNHZtAF4LA/yl2a7k8R6Q==

typescript@^4.1.5, typescript@>=2.7, "typescript@>=2.8.0 || >= 3.2.0-dev || >= 3.3.0-dev || >= 3.4.0-dev || >= 3.5.0-dev || >= 3.6.0-dev || >= 3.6.0-beta || >= 3.7.0-dev || >= 3.7.0-beta", typescript@>=3.2.2, typescript@4.9.4:
  version "4.9.4"
  resolved "https://registry.npmjs.org/typescript/-/typescript-4.9.4.tgz"
  integrity sha512-Uz+dTXYzxXXbsFpM86Wh3dKCxrQqUcVMxwU54orwlJjOpO3ao8L7j5lH+dWfTwgCwIuM9GQ2kvVotzYJMXTBZg==

undici@^5.25.4:
  version "5.29.0"
  resolved "https://registry.npmjs.org/undici/-/undici-5.29.0.tgz"
  integrity sha512-raqeBD6NQK4SkWhQzeYKd1KmIG6dllBOTt55Rmkt4HtI9mwdWtJljnrXjAFUBLTSN67HWrOIZ3EPF4kjUw80Bg==
  dependencies:
    "@fastify/busboy" "^2.0.0"

uuid@^8.3.2:
  version "8.3.2"
  resolved "https://registry.npmjs.org/uuid/-/uuid-8.3.2.tgz"
  integrity sha512-+NYs2QeMWy+GWFOEm9xnn6HCDp0l7QBD7ml8zLUmJ+93Q5NF0NocErnwkTkXVFNiX3/fpC6afS8Dhb/gz7R7eg==

v8-compile-cache-lib@^3.0.1:
  version "3.0.1"
  resolved "https://registry.npmjs.org/v8-compile-cache-lib/-/v8-compile-cache-lib-3.0.1.tgz"
  integrity sha512-wa7YjyUGfNZngI/vtK0UHAN+lgDCxBPCylVXGp0zu59Fz5aiGtNXaq3DhIov063MorB+VfufLh3JlF2KdTK3xg==

webidl-conversions@^3.0.0:
  version "3.0.1"
  resolved "https://registry.npmjs.org/webidl-conversions/-/webidl-conversions-3.0.1.tgz"
  integrity sha512-2JAn3z8AR6rjK8Sm8orRC0h/bcl/DqL7tRPdGZ4I1CjdF+EaMLmYxBHyXuKL849eucPFhvBoxMsflfOb8kxaeQ==

whatwg-url@^5.0.0:
  version "5.0.0"
  resolved "https://registry.npmjs.org/whatwg-url/-/whatwg-url-5.0.0.tgz"
  integrity sha512-saE57nupxk6v3HY35+jzBwYa0rKSy0XR8JSxZPwgLr7ys0IBzhGviA1/TUGJLmSVqs8pb9AnvICXEuOHLprYTw==
  dependencies:
    tr46 "~0.0.3"
    webidl-conversions "^3.0.0"

xml2js@^0.4.19:
  version "0.4.23"
  resolved "https://registry.npmjs.org/xml2js/-/xml2js-0.4.23.tgz"
  integrity sha512-ySPiMjM0+pLDftHgXY4By0uswI3SPKLDw/i3UXbnO8M/p28zqexCUoPmQFrYD+/1BzhGJSs2i1ERWKJAtiLrug==
  dependencies:
    sax ">=0.6.0"
    xmlbuilder "~11.0.0"

xmlbuilder@~11.0.0:
  version "11.0.1"
  resolved "https://registry.npmjs.org/xmlbuilder/-/xmlbuilder-11.0.1.tgz"
  integrity sha512-fDlsI/kFEx7gLvbecc0/ohLG50fugQp8ryHzMTuW9vSa1GJ0XYWKnhsUx7oie3G98+r56aTQIUB4kht42R3JvA==

yn@3.1.1:
  version "3.1.1"
  resolved "https://registry.npmjs.org/yn/-/yn-3.1.1.tgz"
  integrity sha512-Ux4ygGWsu2c7isFWe8Yu1YluJmqVhxqK2cLXNQA5AcC3QfbGNpM7fu0Y8b/z16pXLnFxZYvWhd3fhBY9DLmC6Q==
